// !$*UTF8*$!
{
	archiveVersion = 1;
	classes = {
	};
	objectVersion = 50;
	objects = {

/* Begin PBXBuildFile section */
		F3E5A4A020D8AFCA00B0F6D3 /* AppDelegate.swift in Sources */ = {isa = PBXBuildFile; fileRef = F3E5A49F20D8AFCA00B0F6D3 /* AppDelegate.swift */; };
		F3E5A4A220D8AFCA00B0F6D3 /* ViewController.swift in Sources */ = {isa = PBXBuildFile; fileRef = F3E5A4A120D8AFCA00B0F6D3 /* ViewController.swift */; };
		F3E5A4A520D8AFCA00B0F6D3 /* Main.storyboard in Resources */ = {isa = PBXBuildFile; fileRef = F3E5A4A320D8AFCA00B0F6D3 /* Main.storyboard */; };
		F3E5A4A720D8AFCB00B0F6D3 /* Assets.xcassets in Resources */ = {isa = PBXBuildFile; fileRef = F3E5A4A620D8AFCB00B0F6D3 /* Assets.xcassets */; };
		F3E5A4AA20D8AFCB00B0F6D3 /* LaunchScreen.storyboard in Resources */ = {isa = PBXBuildFile; fileRef = F3E5A4A820D8AFCB00B0F6D3 /* LaunchScreen.storyboard */; };
/* End PBXBuildFile section */

/* Begin PBXFileReference section */
		F3E5A49C20D8AFCA00B0F6D3 /* Gradient Views.app */ = {isa = PBXFileReference; explicitFileType = wrapper.application; includeInIndex = 0; path = "Gradient Views.app"; sourceTree = BUILT_PRODUCTS_DIR; };
		F3E5A49F20D8AFCA00B0F6D3 /* AppDelegate.swift */ = {isa = PBXFileReference; lastKnownFileType = sourcecode.swift; path = AppDelegate.swift; sourceTree = "<group>"; };
		F3E5A4A120D8AFCA00B0F6D3 /* ViewController.swift */ = {isa = PBXFileReference; lastKnownFileType = sourcecode.swift; path = ViewController.swift; sourceTree = "<group>"; };
		F3E5A4A420D8AFCA00B0F6D3 /* Base */ = {isa = PBXFileReference; lastKnownFileType = file.storyboard; name = Base; path = Base.lproj/Main.storyboard; sourceTree = "<group>"; };
		F3E5A4A620D8AFCB00B0F6D3 /* Assets.xcassets */ = {isa = PBXFileReference; lastKnownFileType = folder.assetcatalog; path = Assets.xcassets; sourceTree = "<group>"; };
		F3E5A4A920D8AFCB00B0F6D3 /* Base */ = {isa = PBXFileReference; lastKnownFileType = file.storyboard; name = Base; path = Base.lproj/LaunchScreen.storyboard; sourceTree = "<group>"; };
		F3E5A4AB20D8AFCB00B0F6D3 /* Info.plist */ = {isa = PBXFileReference; lastKnownFileType = text.plist.xml; path = Info.plist; sourceTree = "<group>"; };
/* End PBXFileReference section */

/* Begin PBXFrameworksBuildPhase section */
		F3E5A49920D8AFCA00B0F6D3 /* Frameworks */ = {
			isa = PBXFrameworksBuildPhase;
			buildActionMask = 2147483647;
			files = (
			);
			runOnlyForDeploymentPostprocessing = 0;
		};
/* End PBXFrameworksBuildPhase section */

/* Begin PBXGroup section */
		F3E5A49320D8AFCA00B0F6D3 = {
			isa = PBXGroup;
			children = (
				F3E5A49E20D8AFCA00B0F6D3 /* Gradient Views */,
				F3E5A49D20D8AFCA00B0F6D3 /* Products */,
			);
			sourceTree = "<group>";
		};
		F3E5A49D20D8AFCA00B0F6D3 /* Products */ = {
			isa = PBXGroup;
			children = (
				F3E5A49C20D8AFCA00B0F6D3 /* Gradient Views.app */,
			);
			name = Products;
			sourceTree = "<group>";
		};
		F3E5A49E20D8AFCA00B0F6D3 /* Gradient Views */ = {
			isa = PBXGroup;
			children = (
				F3E5A49F20D8AFCA00B0F6D3 /* AppDelegate.swift */,
				F3E5A4A120D8AFCA00B0F6D3 /* ViewController.swift */,
				F3E5A4A320D8AFCA00B0F6D3 /* Main.storyboard */,
				F3E5A4A620D8AFCB00B0F6D3 /* Assets.xcassets */,
				F3E5A4A820D8AFCB00B0F6D3 /* LaunchScreen.storyboard */,
				F3E5A4AB20D8AFCB00B0F6D3 /* Info.plist */,
			);
			path = "Gradient Views";
			sourceTree = "<group>";
		};
/* End PBXGroup section */

/* Begin PBXNativeTarget section */
		F3E5A49B20D8AFCA00B0F6D3 /* Gradient Views */ = {
			isa = PBXNativeTarget;
			buildConfigurationList = F3E5A4AE20D8AFCB00B0F6D3 /* Build configuration list for PBXNativeTarget "Gradient Views" */;
			buildPhases = (
				F3E5A49820D8AFCA00B0F6D3 /* Sources */,
				F3E5A49920D8AFCA00B0F6D3 /* Frameworks */,
				F3E5A49A20D8AFCA00B0F6D3 /* Resources */,
			);
			buildRules = (
			);
			dependencies = (
			);
			name = "Gradient Views";
			productName = "Gradient Views";
			productReference = F3E5A49C20D8AFCA00B0F6D3 /* Gradient Views.app */;
			productType = "com.apple.product-type.application";
		};
/* End PBXNativeTarget section */

/* Begin PBXProject section */
		F3E5A49420D8AFCA00B0F6D3 /* Project object */ = {
			isa = PBXProject;
			attributes = {
				LastSwiftUpdateCheck = 1000;
				LastUpgradeCheck = 1000;
				ORGANIZATIONNAME = "Zackary O'Connor";
				TargetAttributes = {
					F3E5A49B20D8AFCA00B0F6D3 = {
						CreatedOnToolsVersion = 10.0;
					};
				};
			};
			buildConfigurationList = F3E5A49720D8AFCA00B0F6D3 /* Build configuration list for PBXProject "Gradient Views" */;
			compatibilityVersion = "Xcode 9.3";
			developmentRegion = en;
			hasScannedForEncodings = 0;
			knownRegions = (
				en,
				Base,
			);
			mainGroup = F3E5A49320D8AFCA00B0F6D3;
			productRefGroup = F3E5A49D20D8AFCA00B0F6D3 /* Products */;
			projectDirPath = "";
			projectRoot = "";
			targets = (
				F3E5A49B20D8AFCA00B0F6D3 /* Gradient Views */,
			);
		};
/* End PBXProject section */

/* Begin PBXResourcesBuildPhase section */
		F3E5A49A20D8AFCA00B0F6D3 /* Resources */ = {
			isa = PBXResourcesBuildPhase;
			buildActionMask = 2147483647;
			files = (
				F3E5A4AA20D8AFCB00B0F6D3 /* LaunchScreen.storyboard in Resources */,
				F3E5A4A720D8AFCB00B0F6D3 /* Assets.xcassets in Resources */,
				F3E5A4A520D8AFCA00B0F6D3 /* Main.storyboard in Resources */,
			);
			runOnlyForDeploymentPostprocessing = 0;
		};
/* End PBXResourcesBuildPhase section */

/* Begin PBXSourcesBuildPhase section */
		F3E5A49820D8AFCA00B0F6D3 /* Sources */ = {
			isa = PBXSourcesBuildPhase;
			buildActionMask = 2147483647;
			files = (
				F3E5A4A220D8AFCA00B0F6D3 /* ViewController.swift in Sources */,
				F3E5A4A020D8AFCA00B0F6D3 /* AppDelegate.swift in Sources */,
			);
			runOnlyForDeploymentPostprocessing = 0;
		};
/* End PBXSourcesBuildPhase section */

/* Begin PBXVariantGroup section */
		F3E5A4A320D8AFCA00B0F6D3 /* Main.storyboard */ = {
			isa = PBXVariantGroup;
			children = (
				F3E5A4A420D8AFCA00B0F6D3 /* Base */,
			);
			name = Main.storyboard;
			sourceTree = "<group>";
		};
		F3E5A4A820D8AFCB00B0F6D3 /* LaunchScreen.storyboard */ = {
			isa = PBXVariantGroup;
			children = (
				F3E5A4A920D8AFCB00B0F6D3 /* Base */,
			);
			name = LaunchScreen.storyboard;
			sourceTree = "<group>";
		};
/* End PBXVariantGroup section */

/* Begin XCBuildConfiguration section */
		F3E5A4AC20D8AFCB00B0F6D3 /* Debug */ = {
			isa = XCBuildConfiguration;
			buildSettings = {
				ALWAYS_SEARCH_USER_PATHS = NO;
				CLANG_ANALYZER_NONNULL = YES;
				CLANG_ANALYZER_NUMBER_OBJECT_CONVERSION = YES_AGGRESSIVE;
				CLANG_CXX_LANGUAGE_STANDARD = "gnu++14";
				CLANG_CXX_LIBRARY = "libc++";
				CLANG_ENABLE_MODULES = YES;
				CLANG_ENABLE_OBJC_ARC = YES;
				CLANG_ENABLE_OBJC_WEAK = YES;
				CLANG_WARN_BLOCK_CAPTURE_AUTORELEASING = YES;
				CLANG_WARN_BOOL_CONVERSION = YES;
				CLANG_WARN_COMMA = YES;
				CLANG_WARN_CONSTANT_CONVERSION = YES;
				CLANG_WARN_DEPRECATED_OBJC_IMPLEMENTATIONS = YES;
				CLANG_WARN_DIRECT_OBJC_ISA_USAGE = YES_ERROR;
				CLANG_WARN_DOCUMENTATION_COMMENTS = YES;
				CLANG_WARN_EMPTY_BODY = YES;
				CLANG_WARN_ENUM_CONVERSION = YES;
				CLANG_WARN_INFINITE_RECURSION = YES;
				CLANG_WARN_INT_CONVERSION = YES;
				CLANG_WARN_NON_LITERAL_NULL_CONVERSION = YES;
				CLANG_WARN_OBJC_IMPLICIT_RETAIN_SELF = YES;
				CLANG_WARN_OBJC_LITERAL_CONVERSION = YES;
				CLANG_WARN_OBJC_ROOT_CLASS = YES_ERROR;
				CLANG_WARN_RANGE_LOOP_ANALYSIS = YES;
				CLANG_WARN_STRICT_PROTOTYPES = YES;
				CLANG_WARN_SUSPICIOUS_MOVE = YES;
				CLANG_WARN_UNGUARDED_AVAILABILITY = YES_AGGRESSIVE;
				CLANG_WARN_UNREACHABLE_CODE = YES;
				CLANG_WARN__DUPLICATE_METHOD_MATCH = YES;
				CODE_SIGN_IDENTITY = "iPhone Developer";
				COPY_PHASE_STRIP = NO;
				DEBUG_INFORMATION_FORMAT = dwarf;
				ENABLE_STRICT_OBJC_MSGSEND = YES;
				ENABLE_TESTABILITY = YES;
				GCC_C_LANGUAGE_STANDARD = gnu11;
				GCC_DYNAMIC_NO_PIC = NO;
				GCC_NO_COMMON_BLOCKS = YES;
				GCC_OPTIMIZATION_LEVEL = 0;
				GCC_PREPROCESSOR_DEFINITIONS = (
					"DEBUG=1",
					"$(inherited)",
				);
				GCC_WARN_64_TO_32_BIT_CONVERSION = YES;
				GCC_WARN_ABOUT_RETURN_TYPE = YES_ERROR;
				GCC_WARN_UNDECLARED_SELECTOR = YES;
				GCC_WARN_UNINITIALIZED_AUTOS = YES_AGGRESSIVE;
				GCC_WARN_UNUSED_FUNCTION = YES;
				GCC_WARN_UNUSED_VARIABLE = YES;
				IPHONEOS_DEPLOYMENT_TARGET = 12.0;
				MTL_ENABLE_DEBUG_INFO = INCLUDE_SOURCE;
				ONLY_ACTIVE_ARCH = YES;
				SDKROOT = iphoneos;
				SWIFT_ACTIVE_COMPILATION_CONDITIONS = DEBUG;
				SWIFT_OPTIMIZATION_LEVEL = "-Onone";
			};
			name = Debug;
		};
		F3E5A4AD20D8AFCB00B0F6D3 /* Release */ = {
			isa = XCBuildConfiguration;
			buildSettings = {
				ALWAYS_SEARCH_USER_PATHS = NO;
				CLANG_ANALYZER_NONNULL = YES;
				CLANG_ANALYZER_NUMBER_OBJECT_CONVERSION = YES_AGGRESSIVE;
				CLANG_CXX_LANGUAGE_STANDARD = "gnu++14";
				CLANG_CXX_LIBRARY = "libc++";
				CLANG_ENABLE_MODULES = YES;
				CLANG_ENABLE_OBJC_ARC = YES;
				CLANG_ENABLE_OBJC_WEAK = YES;
				CLANG_WARN_BLOCK_CAPTURE_AUTORELEASING = YES;
				CLANG_WARN_BOOL_CONVERSION = YES;
				CLANG_WARN_COMMA = YES;
				CLANG_WARN_CONSTANT_CONVERSION = YES;
				CLANG_WARN_DEPRECATED_OBJC_IMPLEMENTATIONS = YES;
				CLANG_WARN_DIRECT_OBJC_ISA_USAGE = YES_ERROR;
				CLANG_WARN_DOCUMENTATION_COMMENTS = YES;
				CLANG_WARN_EMPTY_BODY = YES;
				CLANG_WARN_ENUM_CONVERSION = YES;
				CLANG_WARN_INFINITE_RECURSION = YES;
				CLANG_WARN_INT_CONVERSION = YES;
				CLANG_WARN_NON_LITERAL_NULL_CONVERSION = YES;
				CLANG_WARN_OBJC_IMPLICIT_RETAIN_SELF = YES;
				CLANG_WARN_OBJC_LITERAL_CONVERSION = YES;
				CLANG_WARN_OBJC_ROOT_CLASS = YES_ERROR;
				CLANG_WARN_RANGE_LOOP_ANALYSIS = YES;
				CLANG_WARN_STRICT_PROTOTYPES = YES;
				CLANG_WARN_SUSPICIOUS_MOVE = YES;
				CLANG_WARN_UNGUARDED_AVAILABILITY = YES_AGGRESSIVE;
				CLANG_WARN_UNREACHABLE_CODE = YES;
				CLANG_WARN__DUPLICATE_METHOD_MATCH = YES;
				CODE_SIGN_IDENTITY = "iPhone Developer";
				COPY_PHASE_STRIP = NO;
				DEBUG_INFORMATION_FORMAT = "dwarf-with-dsym";
				ENABLE_NS_ASSERTIONS = NO;
				ENABLE_STRICT_OBJC_MSGSEND = YES;
				GCC_C_LANGUAGE_STANDARD = gnu11;
				GCC_NO_COMMON_BLOCKS = YES;
				GCC_WARN_64_TO_32_BIT_CONVERSION = YES;
				GCC_WARN_ABOUT_RETURN_TYPE = YES_ERROR;
				GCC_WARN_UNDECLARED_SELECTOR = YES;
				GCC_WARN_UNINITIALIZED_AUTOS = YES_AGGRESSIVE;
				GCC_WARN_UNUSED_FUNCTION = YES;
				GCC_WARN_UNUSED_VARIABLE = YES;
				IPHONEOS_DEPLOYMENT_TARGET = 12.0;
				MTL_ENABLE_DEBUG_INFO = NO;
				SDKROOT = iphoneos;
				SWIFT_COMPILATION_MODE = wholemodule;
				SWIFT_OPTIMIZATION_LEVEL = "-O";
				VALIDATE_PRODUCT = YES;
			};
			name = Release;
		};
		F3E5A4AF20D8AFCB00B0F6D3 /* Debug */ = {
			isa = XCBuildConfiguration;
			buildSettings = {
				CODE_SIGN_STYLE = Automatic;
				DEVELOPMENT_TEAM = ZZE62SD4Y5;
				INFOPLIST_FILE = "Gradient Views/Info.plist";
				LD_RUNPATH_SEARCH_PATHS = (
					"$(inherited)",
					"@executable_path/Frameworks",
				);
				PRODUCT_BUNDLE_IDENTIFIER = "com.zackaryoconnor.Gradient-Views";
				PRODUCT_NAME = "$(TARGET_NAME)";
				SWIFT_VERSION = 4.2;
				TARGETED_DEVICE_FAMILY = "1,2";
			};
			name = Debug;
		};
		F3E5A4B020D8AFCB00B0F6D3 /* Release */ = {
			isa = XCBuildConfiguration;
			buildSettings = {
				CODE_SIGN_STYLE = Automatic;
				DEVELOPMENT_TEAM = ZZE62SD4Y5;
				INFOPLIST_FILE = "Gradient Views/Info.plist";
				LD_RUNPATH_SEARCH_PATHS = (
					"$(inherited)",
					"@executable_path/Frameworks",
				);
				PRODUCT_BUNDLE_IDENTIFIER = "com.zackaryoconnor.Gradient-Views";
				PRODUCT_NAME = "$(TARGET_NAME)";
				SWIFT_VERSION = 4.2;
				TARGETED_DEVICE_FAMILY = "1,2";
			};
			name = Release;
		};
/* End XCBuildConfiguration section */

/* Begin XCConfigurationList section */
		F3E5A49720D8AFCA00B0F6D3 /* Build configuration list for PBXProject "Gradient Views" */ = {
			isa = XCConfigurationList;
			buildConfigurations = (
				F3E5A4AC20D8AFCB00B0F6D3 /* Debug */,
				F3E5A4AD20D8AFCB00B0F6D3 /* Release */,
			);
			defaultConfigurationIsVisible = 0;
			defaultConfigurationName = Release;
		};
		F3E5A4AE20D8AFCB00B0F6D3 /* Build configuration list for PBXNativeTarget "Gradient Views" */ = {
			isa = XCConfigurationList;
			buildConfigurations = (
				F3E5A4AF20D8AFCB00B0F6D3 /* Debug */,
				F3E5A4B020D8AFCB00B0F6D3 /* Release */,
			);
			defaultConfigurationIsVisible = 0;
			defaultConfigurationName = Release;
		};
/* End XCConfigurationList section */
	};
	rootObject = F3E5A49420D8AFCA00B0F6D3 /* Project object */;
}
